
Microsoft Visual Studio Solution File, Format Version 12.00
# Visual Studio Version 16
VisualStudioVersion = 16.0.30406.217
MinimumVisualStudioVersion = 10.0.40219.1
Project("{FAE04EC0-301F-11D3-BF4B-00C04F79EFBC}") = "test2", "test2\test2.csproj", "{96A6CD6D-F034-47BD-A6D9-595238607452}"
EndProject
Global
	GlobalSection(SolutionConfigurationPlatforms) = preSolution
		Debug|Any CPU = Debug|Any CPU
		Release|Any CPU = Release|Any CPU
	EndGlobalSection
	GlobalSection(ProjectConfigurationPlatforms) = postSolution
		{96A6CD6D-F034-47BD-A6D9-595238607452}.Debug|Any CPU.ActiveCfg = Debug|Any CPU
		{96A6CD6D-F034-47BD-A6D9-595238607452}.Debug|Any CPU.Build.0 = Debug|Any CPU
		{96A6CD6D-F034-47BD-A6D9-595238607452}.Release|Any CPU.ActiveCfg = Release|Any CPU
		{96A6CD6D-F034-47BD-A6D9-595238607452}.Release|Any CPU.Build.0 = Release|Any CPU
	EndGlobalSection
	GlobalSection(SolutionProperties) = preSolution
		HideSolutionNode = FALSE
	EndGlobalSection
	GlobalSection(ExtensibilityGlobals) = postSolution
		SolutionGuid = {89D92237-D067-4C1F-A4AB-26F1257E89AD}
	EndGlobalSection
EndGlobal
